// !$*UTF8*$!
{
	archiveVersion = 1;
	classes = {
	};
	objectVersion = 50;
	objects = {

/* Begin PBXBuildFile section */
		3DD6188820E5CC4C0060D1C2 /* AppDelegate.swift in Sources */ = {isa = PBXBuildFile; fileRef = 3DD6187F20E5CC4C0060D1C2 /* AppDelegate.swift */; };
		3DD6188920E5CC4C0060D1C2 /* Assets.xcassets in Resources */ = {isa = PBXBuildFile; fileRef = 3DD6188120E5CC4C0060D1C2 /* Assets.xcassets */; };
		3DD6188A20E5CC4C0060D1C2 /* LaunchScreen.storyboard in Resources */ = {isa = PBXBuildFile; fileRef = 3DD6188220E5CC4C0060D1C2 /* LaunchScreen.storyboard */; };
		3DD6188B20E5CC4C0060D1C2 /* Main.storyboard in Resources */ = {isa = PBXBuildFile; fileRef = 3DD6188420E5CC4C0060D1C2 /* Main.storyboard */; };
		3DD6189220E5CC9A0060D1C2 /* ListTableHelper.swift in Sources */ = {isa = PBXBuildFile; fileRef = 3DD6189120E5CC9A0060D1C2 /* ListTableHelper.swift */; };
		3DD6189420E5CCC90060D1C2 /* EditListViewController.swift in Sources */ = {isa = PBXBuildFile; fileRef = 3DD6189320E5CCC90060D1C2 /* EditListViewController.swift */; };
		3DD6189620E5CCFF0060D1C2 /* ListViewController.swift in Sources */ = {isa = PBXBuildFile; fileRef = 3DD6189520E5CCFF0060D1C2 /* ListViewController.swift */; };
		3DD6189B20E5D10B0060D1C2 /* ListJsonModel.swift in Sources */ = {isa = PBXBuildFile; fileRef = 3DD6189820E5D10A0060D1C2 /* ListJsonModel.swift */; };
		3DD6189C20E5D10B0060D1C2 /* ListJsonModelD.swift in Sources */ = {isa = PBXBuildFile; fileRef = 3DD6189920E5D10A0060D1C2 /* ListJsonModelD.swift */; };
		3DD6189D20E5D10B0060D1C2 /* ListJsonModelResult.swift in Sources */ = {isa = PBXBuildFile; fileRef = 3DD6189A20E5D10A0060D1C2 /* ListJsonModelResult.swift */; };
		3DD6189F20E5D13E0060D1C2 /* ListDataModel.swift in Sources */ = {isa = PBXBuildFile; fileRef = 3DD6189E20E5D13E0060D1C2 /* ListDataModel.swift */; };
		3DDF857920E5D464002241B8 /* JsonHelper.swift in Sources */ = {isa = PBXBuildFile; fileRef = 3DDF857820E5D464002241B8 /* JsonHelper.swift */; };
		3DDF857B20E5D6B6002241B8 /* ListTableViewCell.swift in Sources */ = {isa = PBXBuildFile; fileRef = 3DDF857A20E5D6B6002241B8 /* ListTableViewCell.swift */; };
		3DDF857D20E5DECF002241B8 /* ApiAdapter.swift in Sources */ = {isa = PBXBuildFile; fileRef = 3DDF857C20E5DECF002241B8 /* ApiAdapter.swift */; };
		62C4857A52BF8F672C1817CA /* Pods_List.framework in Frameworks */ = {isa = PBXBuildFile; fileRef = 430ECE10AA172076A543ACA8 /* Pods_List.framework */; };
/* End PBXBuildFile section */

/* Begin PBXFileReference section */
		3DD6186820E5CBF00060D1C2 /* List.app */ = {isa = PBXFileReference; explicitFileType = wrapper.application; includeInIndex = 0; path = List.app; sourceTree = BUILT_PRODUCTS_DIR; };
		3DD6187F20E5CC4C0060D1C2 /* AppDelegate.swift */ = {isa = PBXFileReference; fileEncoding = 4; lastKnownFileType = sourcecode.swift; path = AppDelegate.swift; sourceTree = "<group>"; };
		3DD6188120E5CC4C0060D1C2 /* Assets.xcassets */ = {isa = PBXFileReference; lastKnownFileType = folder.assetcatalog; path = Assets.xcassets; sourceTree = "<group>"; };
		3DD6188320E5CC4C0060D1C2 /* Base */ = {isa = PBXFileReference; lastKnownFileType = file.storyboard; name = Base; path = Base.lproj/LaunchScreen.storyboard; sourceTree = "<group>"; };
		3DD6188520E5CC4C0060D1C2 /* Base */ = {isa = PBXFileReference; lastKnownFileType = file.storyboard; name = Base; path = Base.lproj/Main.storyboard; sourceTree = "<group>"; };
		3DD6188620E5CC4C0060D1C2 /* Info.plist */ = {isa = PBXFileReference; fileEncoding = 4; lastKnownFileType = text.plist.xml; path = Info.plist; sourceTree = "<group>"; };
		3DD6189120E5CC9A0060D1C2 /* ListTableHelper.swift */ = {isa = PBXFileReference; lastKnownFileType = sourcecode.swift; path = ListTableHelper.swift; sourceTree = "<group>"; };
		3DD6189320E5CCC90060D1C2 /* EditListViewController.swift */ = {isa = PBXFileReference; lastKnownFileType = sourcecode.swift; path = EditListViewController.swift; sourceTree = "<group>"; };
		3DD6189520E5CCFF0060D1C2 /* ListViewController.swift */ = {isa = PBXFileReference; lastKnownFileType = sourcecode.swift; path = ListViewController.swift; sourceTree = "<group>"; };
		3DD6189820E5D10A0060D1C2 /* ListJsonModel.swift */ = {isa = PBXFileReference; fileEncoding = 4; lastKnownFileType = sourcecode.swift; path = ListJsonModel.swift; sourceTree = "<group>"; };
		3DD6189920E5D10A0060D1C2 /* ListJsonModelD.swift */ = {isa = PBXFileReference; fileEncoding = 4; lastKnownFileType = sourcecode.swift; path = ListJsonModelD.swift; sourceTree = "<group>"; };
		3DD6189A20E5D10A0060D1C2 /* ListJsonModelResult.swift */ = {isa = PBXFileReference; fileEncoding = 4; lastKnownFileType = sourcecode.swift; path = ListJsonModelResult.swift; sourceTree = "<group>"; };
		3DD6189E20E5D13E0060D1C2 /* ListDataModel.swift */ = {isa = PBXFileReference; lastKnownFileType = sourcecode.swift; path = ListDataModel.swift; sourceTree = "<group>"; };
		3DDF857820E5D464002241B8 /* JsonHelper.swift */ = {isa = PBXFileReference; lastKnownFileType = sourcecode.swift; path = JsonHelper.swift; sourceTree = "<group>"; };
		3DDF857A20E5D6B6002241B8 /* ListTableViewCell.swift */ = {isa = PBXFileReference; lastKnownFileType = sourcecode.swift; path = ListTableViewCell.swift; sourceTree = "<group>"; };
		3DDF857C20E5DECF002241B8 /* ApiAdapter.swift */ = {isa = PBXFileReference; lastKnownFileType = sourcecode.swift; path = ApiAdapter.swift; sourceTree = "<group>"; };
		430ECE10AA172076A543ACA8 /* Pods_List.framework */ = {isa = PBXFileReference; explicitFileType = wrapper.framework; includeInIndex = 0; path = Pods_List.framework; sourceTree = BUILT_PRODUCTS_DIR; };
		A37B884C7A133A0A88FADB8B /* Pods-List.release.xcconfig */ = {isa = PBXFileReference; includeInIndex = 1; lastKnownFileType = text.xcconfig; name = "Pods-List.release.xcconfig"; path = "Pods/Target Support Files/Pods-List/Pods-List.release.xcconfig"; sourceTree = "<group>"; };
		DE8637BA42B4869B826416B6 /* Pods-List.debug.xcconfig */ = {isa = PBXFileReference; includeInIndex = 1; lastKnownFileType = text.xcconfig; name = "Pods-List.debug.xcconfig"; path = "Pods/Target Support Files/Pods-List/Pods-List.debug.xcconfig"; sourceTree = "<group>"; };
/* End PBXFileReference section */

/* Begin PBXFrameworksBuildPhase section */
		3DD6186520E5CBF00060D1C2 /* Frameworks */ = {
			isa = PBXFrameworksBuildPhase;
			buildActionMask = 2147483647;
			files = (
				62C4857A52BF8F672C1817CA /* Pods_List.framework in Frameworks */,
			);
			runOnlyForDeploymentPostprocessing = 0;
		};
/* End PBXFrameworksBuildPhase section */

/* Begin PBXGroup section */
		3DD6185F20E5CBF00060D1C2 = {
			isa = PBXGroup;
			children = (
				3DD6186A20E5CBF00060D1C2 /* List */,
				3DD6186920E5CBF00060D1C2 /* Products */,
				617B2A04F0C0DC4A36EDEE26 /* Pods */,
				875A6D65EB77D27D45921584 /* Frameworks */,
			);
			sourceTree = "<group>";
		};
		3DD6186920E5CBF00060D1C2 /* Products */ = {
			isa = PBXGroup;
			children = (
				3DD6186820E5CBF00060D1C2 /* List.app */,
			);
			name = Products;
			sourceTree = "<group>";
		};
		3DD6186A20E5CBF00060D1C2 /* List */ = {
			isa = PBXGroup;
			children = (
				3DD6187D20E5CC4C0060D1C2 /* Source */,
				3DD6188020E5CC4C0060D1C2 /* SupportingFiles */,
			);
			path = List;
			sourceTree = "<group>";
		};
		3DD6187D20E5CC4C0060D1C2 /* Source */ = {
			isa = PBXGroup;
			children = (
				3DD6187F20E5CC4C0060D1C2 /* AppDelegate.swift */,
				3DDF857720E5D459002241B8 /* Shared */,
				3DD6188E20E5CC6B0060D1C2 /* EditList */,
				3DD6188D20E5CC6B0060D1C2 /* List */,
			);
			path = Source;
			sourceTree = "<group>";
		};
		3DD6188020E5CC4C0060D1C2 /* SupportingFiles */ = {
			isa = PBXGroup;
			children = (
				3DD6188120E5CC4C0060D1C2 /* Assets.xcassets */,
				3DD6188220E5CC4C0060D1C2 /* LaunchScreen.storyboard */,
				3DD6188420E5CC4C0060D1C2 /* Main.storyboard */,
				3DD6188620E5CC4C0060D1C2 /* Info.plist */,
			);
			path = SupportingFiles;
			sourceTree = "<group>";
		};
		3DD6188D20E5CC6B0060D1C2 /* List */ = {
			isa = PBXGroup;
			children = (
				3DD6189520E5CCFF0060D1C2 /* ListViewController.swift */,
				3DD6189120E5CC9A0060D1C2 /* ListTableHelper.swift */,
				3DDF857A20E5D6B6002241B8 /* ListTableViewCell.swift */,
				3DD6189E20E5D13E0060D1C2 /* ListDataModel.swift */,
				3DD6189720E5D10A0060D1C2 /* Model */,
			);
			path = List;
			sourceTree = "<group>";
		};
		3DD6188E20E5CC6B0060D1C2 /* EditList */ = {
			isa = PBXGroup;
			children = (
				3DD6189320E5CCC90060D1C2 /* EditListViewController.swift */,
			);
			path = EditList;
			sourceTree = "<group>";
		};
		3DD6189720E5D10A0060D1C2 /* Model */ = {
			isa = PBXGroup;
			children = (
				3DD6189820E5D10A0060D1C2 /* ListJsonModel.swift */,
				3DD6189920E5D10A0060D1C2 /* ListJsonModelD.swift */,
				3DD6189A20E5D10A0060D1C2 /* ListJsonModelResult.swift */,
			);
			path = Model;
			sourceTree = "<group>";
		};
		3DDF857720E5D459002241B8 /* Shared */ = {
			isa = PBXGroup;
			children = (
				3DDF857820E5D464002241B8 /* JsonHelper.swift */,
				3DDF857C20E5DECF002241B8 /* ApiAdapter.swift */,
			);
			path = Shared;
			sourceTree = "<group>";
		};
		617B2A04F0C0DC4A36EDEE26 /* Pods */ = {
			isa = PBXGroup;
			children = (
				DE8637BA42B4869B826416B6 /* Pods-List.debug.xcconfig */,
				A37B884C7A133A0A88FADB8B /* Pods-List.release.xcconfig */,
			);
			name = Pods;
			sourceTree = "<group>";
		};
		875A6D65EB77D27D45921584 /* Frameworks */ = {
			isa = PBXGroup;
			children = (
				430ECE10AA172076A543ACA8 /* Pods_List.framework */,
			);
			name = Frameworks;
			sourceTree = "<group>";
		};
/* End PBXGroup section */

/* Begin PBXNativeTarget section */
		3DD6186720E5CBF00060D1C2 /* List */ = {
			isa = PBXNativeTarget;
			buildConfigurationList = 3DD6187A20E5CBF20060D1C2 /* Build configuration list for PBXNativeTarget "List" */;
			buildPhases = (
				AC98BA54280BEE42FF2397CB /* [CP] Check Pods Manifest.lock */,
				3DD6186420E5CBF00060D1C2 /* Sources */,
				3DD6186520E5CBF00060D1C2 /* Frameworks */,
				3DD6186620E5CBF00060D1C2 /* Resources */,
				08499536015CA08CFD988B75 /* [CP] Embed Pods Frameworks */,
				7C27559FC89917746BFA73F0 /* [CP] Copy Pods Resources */,
			);
			buildRules = (
			);
			dependencies = (
			);
			name = List;
			productName = List;
			productReference = 3DD6186820E5CBF00060D1C2 /* List.app */;
			productType = "com.apple.product-type.application";
		};
/* End PBXNativeTarget section */

/* Begin PBXProject section */
		3DD6186020E5CBF00060D1C2 /* Project object */ = {
			isa = PBXProject;
			attributes = {
				LastSwiftUpdateCheck = 1000;
				LastUpgradeCheck = 1000;
				ORGANIZATIONNAME = "Mehdi Badjian";
				TargetAttributes = {
					3DD6186720E5CBF00060D1C2 = {
						CreatedOnToolsVersion = 10.0;
					};
				};
			};
			buildConfigurationList = 3DD6186320E5CBF00060D1C2 /* Build configuration list for PBXProject "List" */;
			compatibilityVersion = "Xcode 9.3";
			developmentRegion = en;
			hasScannedForEncodings = 0;
			knownRegions = (
				en,
				Base,
			);
			mainGroup = 3DD6185F20E5CBF00060D1C2;
			productRefGroup = 3DD6186920E5CBF00060D1C2 /* Products */;
			projectDirPath = "";
			projectRoot = "";
			targets = (
				3DD6186720E5CBF00060D1C2 /* List */,
			);
		};
/* End PBXProject section */

/* Begin PBXResourcesBuildPhase section */
		3DD6186620E5CBF00060D1C2 /* Resources */ = {
			isa = PBXResourcesBuildPhase;
			buildActionMask = 2147483647;
			files = (
				3DD6188B20E5CC4C0060D1C2 /* Main.storyboard in Resources */,
				3DD6188920E5CC4C0060D1C2 /* Assets.xcassets in Resources */,
				3DD6188A20E5CC4C0060D1C2 /* LaunchScreen.storyboard in Resources */,
			);
			runOnlyForDeploymentPostprocessing = 0;
		};
/* End PBXResourcesBuildPhase section */

/* Begin PBXShellScriptBuildPhase section */
		08499536015CA08CFD988B75 /* [CP] Embed Pods Frameworks */ = {
			isa = PBXShellScriptBuildPhase;
			buildActionMask = 2147483647;
			files = (
			);
			inputPaths = (
				"${SRCROOT}/Pods/Target Support Files/Pods-List/Pods-List-frameworks.sh",
				"${BUILT_PRODUCTS_DIR}/Alamofire/Alamofire.framework",
				"${BUILT_PRODUCTS_DIR}/SnapKit/SnapKit.framework",
				"${BUILT_PRODUCTS_DIR}/SwiftyJSON/SwiftyJSON.framework",
			);
			name = "[CP] Embed Pods Frameworks";
			outputPaths = (
				"${TARGET_BUILD_DIR}/${FRAMEWORKS_FOLDER_PATH}/Alamofire.framework",
				"${TARGET_BUILD_DIR}/${FRAMEWORKS_FOLDER_PATH}/SnapKit.framework",
				"${TARGET_BUILD_DIR}/${FRAMEWORKS_FOLDER_PATH}/SwiftyJSON.framework",
			);
			runOnlyForDeploymentPostprocessing = 0;
			shellPath = /bin/sh;
			shellScript = "\"${SRCROOT}/Pods/Target Support Files/Pods-List/Pods-List-frameworks.sh\"\n";
			showEnvVarsInLog = 0;
		};
		7C27559FC89917746BFA73F0 /* [CP] Copy Pods Resources */ = {
			isa = PBXShellScriptBuildPhase;
			buildActionMask = 2147483647;
			files = (
			);
			inputPaths = (
			);
			name = "[CP] Copy Pods Resources";
			outputPaths = (
			);
			runOnlyForDeploymentPostprocessing = 0;
			shellPath = /bin/sh;
			shellScript = "\"${SRCROOT}/Pods/Target Support Files/Pods-List/Pods-List-resources.sh\"\n";
			showEnvVarsInLog = 0;
		};
		AC98BA54280BEE42FF2397CB /* [CP] Check Pods Manifest.lock */ = {
			isa = PBXShellScriptBuildPhase;
			buildActionMask = 2147483647;
			files = (
			);
			inputPaths = (
				"${PODS_PODFILE_DIR_PATH}/Podfile.lock",
				"${PODS_ROOT}/Manifest.lock",
			);
			name = "[CP] Check Pods Manifest.lock";
			outputPaths = (
				"$(DERIVED_FILE_DIR)/Pods-List-checkManifestLockResult.txt",
			);
			runOnlyForDeploymentPostprocessing = 0;
			shellPath = /bin/sh;
			shellScript = "diff \"${PODS_PODFILE_DIR_PATH}/Podfile.lock\" \"${PODS_ROOT}/Manifest.lock\" > /dev/null\nif [ $? != 0 ] ; then\n    # print error to STDERR\n    echo \"error: The sandbox is not in sync with the Podfile.lock. Run 'pod install' or update your CocoaPods installation.\" >&2\n    exit 1\nfi\n# This output is used by Xcode 'outputs' to avoid re-running this script phase.\necho \"SUCCESS\" > \"${SCRIPT_OUTPUT_FILE_0}\"\n";
			showEnvVarsInLog = 0;
		};
/* End PBXShellScriptBuildPhase section */

/* Begin PBXSourcesBuildPhase section */
		3DD6186420E5CBF00060D1C2 /* Sources */ = {
			isa = PBXSourcesBuildPhase;
			buildActionMask = 2147483647;
			files = (
				3DDF857920E5D464002241B8 /* JsonHelper.swift in Sources */,
				3DD6189420E5CCC90060D1C2 /* EditListViewController.swift in Sources */,
				3DD6189D20E5D10B0060D1C2 /* ListJsonModelResult.swift in Sources */,
				3DD6189B20E5D10B0060D1C2 /* ListJsonModel.swift in Sources */,
				3DD6189220E5CC9A0060D1C2 /* ListTableHelper.swift in Sources */,
				3DD6189620E5CCFF0060D1C2 /* ListViewController.swift in Sources */,
				3DDF857D20E5DECF002241B8 /* ApiAdapter.swift in Sources */,
				3DD6189F20E5D13E0060D1C2 /* ListDataModel.swift in Sources */,
				3DD6189C20E5D10B0060D1C2 /* ListJsonModelD.swift in Sources */,
				3DD6188820E5CC4C0060D1C2 /* AppDelegate.swift in Sources */,
				3DDF857B20E5D6B6002241B8 /* ListTableViewCell.swift in Sources */,
			);
			runOnlyForDeploymentPostprocessing = 0;
		};
/* End PBXSourcesBuildPhase section */

/* Begin PBXVariantGroup section */
		3DD6188220E5CC4C0060D1C2 /* LaunchScreen.storyboard */ = {
			isa = PBXVariantGroup;
			children = (
				3DD6188320E5CC4C0060D1C2 /* Base */,
			);
			name = LaunchScreen.storyboard;
			sourceTree = "<group>";
		};
		3DD6188420E5CC4C0060D1C2 /* Main.storyboard */ = {
			isa = PBXVariantGroup;
			children = (
				3DD6188520E5CC4C0060D1C2 /* Base */,
			);
			name = Main.storyboard;
			sourceTree = "<group>";
		};
/* End PBXVariantGroup section */

/* Begin XCBuildConfiguration section */
		3DD6187820E5CBF20060D1C2 /* Debug */ = {
			isa = XCBuildConfiguration;
			buildSettings = {
				ALWAYS_SEARCH_USER_PATHS = NO;
				CLANG_ANALYZER_NONNULL = YES;
				CLANG_ANALYZER_NUMBER_OBJECT_CONVERSION = YES_AGGRESSIVE;
				CLANG_CXX_LANGUAGE_STANDARD = "gnu++14";
				CLANG_CXX_LIBRARY = "libc++";
				CLANG_ENABLE_MODULES = YES;
				CLANG_ENABLE_OBJC_ARC = YES;
				CLANG_ENABLE_OBJC_WEAK = YES;
				CLANG_WARN_BLOCK_CAPTURE_AUTORELEASING = YES;
				CLANG_WARN_BOOL_CONVERSION = YES;
				CLANG_WARN_COMMA = YES;
				CLANG_WARN_CONSTANT_CONVERSION = YES;
				CLANG_WARN_DEPRECATED_OBJC_IMPLEMENTATIONS = YES;
				CLANG_WARN_DIRECT_OBJC_ISA_USAGE = YES_ERROR;
				CLANG_WARN_DOCUMENTATION_COMMENTS = YES;
				CLANG_WARN_EMPTY_BODY = YES;
				CLANG_WARN_ENUM_CONVERSION = YES;
				CLANG_WARN_INFINITE_RECURSION = YES;
				CLANG_WARN_INT_CONVERSION = YES;
				CLANG_WARN_NON_LITERAL_NULL_CONVERSION = YES;
				CLANG_WARN_OBJC_IMPLICIT_RETAIN_SELF = YES;
				CLANG_WARN_OBJC_LITERAL_CONVERSION = YES;
				CLANG_WARN_OBJC_ROOT_CLASS = YES_ERROR;
				CLANG_WARN_RANGE_LOOP_ANALYSIS = YES;
				CLANG_WARN_STRICT_PROTOTYPES = YES;
				CLANG_WARN_SUSPICIOUS_MOVE = YES;
				CLANG_WARN_UNGUARDED_AVAILABILITY = YES_AGGRESSIVE;
				CLANG_WARN_UNREACHABLE_CODE = YES;
				CLANG_WARN__DUPLICATE_METHOD_MATCH = YES;
				CODE_SIGN_IDENTITY = "iPhone Developer";
				COPY_PHASE_STRIP = NO;
				DEBUG_INFORMATION_FORMAT = dwarf;
				ENABLE_STRICT_OBJC_MSGSEND = YES;
				ENABLE_TESTABILITY = YES;
				GCC_C_LANGUAGE_STANDARD = gnu11;
				GCC_DYNAMIC_NO_PIC = NO;
				GCC_NO_COMMON_BLOCKS = YES;
				GCC_OPTIMIZATION_LEVEL = 0;
				GCC_PREPROCESSOR_DEFINITIONS = (
					"DEBUG=1",
					"$(inherited)",
				);
				GCC_WARN_64_TO_32_BIT_CONVERSION = YES;
				GCC_WARN_ABOUT_RETURN_TYPE = YES_ERROR;
				GCC_WARN_UNDECLARED_SELECTOR = YES;
				GCC_WARN_UNINITIALIZED_AUTOS = YES_AGGRESSIVE;
				GCC_WARN_UNUSED_FUNCTION = YES;
				GCC_WARN_UNUSED_VARIABLE = YES;
				IPHONEOS_DEPLOYMENT_TARGET = 12.0;
				MTL_ENABLE_DEBUG_INFO = INCLUDE_SOURCE;
				ONLY_ACTIVE_ARCH = YES;
				SDKROOT = iphoneos;
				SWIFT_ACTIVE_COMPILATION_CONDITIONS = DEBUG;
				SWIFT_OPTIMIZATION_LEVEL = "-Onone";
			};
			name = Debug;
		};
		3DD6187920E5CBF20060D1C2 /* Release */ = {
			isa = XCBuildConfiguration;
			buildSettings = {
				ALWAYS_SEARCH_USER_PATHS = NO;
				CLANG_ANALYZER_NONNULL = YES;
				CLANG_ANALYZER_NUMBER_OBJECT_CONVERSION = YES_AGGRESSIVE;
				CLANG_CXX_LANGUAGE_STANDARD = "gnu++14";
				CLANG_CXX_LIBRARY = "libc++";
				CLANG_ENABLE_MODULES = YES;
				CLANG_ENABLE_OBJC_ARC = YES;
				CLANG_ENABLE_OBJC_WEAK = YES;
				CLANG_WARN_BLOCK_CAPTURE_AUTORELEASING = YES;
				CLANG_WARN_BOOL_CONVERSION = YES;
				CLANG_WARN_COMMA = YES;
				CLANG_WARN_CONSTANT_CONVERSION = YES;
				CLANG_WARN_DEPRECATED_OBJC_IMPLEMENTATIONS = YES;
				CLANG_WARN_DIRECT_OBJC_ISA_USAGE = YES_ERROR;
				CLANG_WARN_DOCUMENTATION_COMMENTS = YES;
				CLANG_WARN_EMPTY_BODY = YES;
				CLANG_WARN_ENUM_CONVERSION = YES;
				CLANG_WARN_INFINITE_RECURSION = YES;
				CLANG_WARN_INT_CONVERSION = YES;
				CLANG_WARN_NON_LITERAL_NULL_CONVERSION = YES;
				CLANG_WARN_OBJC_IMPLICIT_RETAIN_SELF = YES;
				CLANG_WARN_OBJC_LITERAL_CONVERSION = YES;
				CLANG_WARN_OBJC_ROOT_CLASS = YES_ERROR;
				CLANG_WARN_RANGE_LOOP_ANALYSIS = YES;
				CLANG_WARN_STRICT_PROTOTYPES = YES;
				CLANG_WARN_SUSPICIOUS_MOVE = YES;
				CLANG_WARN_UNGUARDED_AVAILABILITY = YES_AGGRESSIVE;
				CLANG_WARN_UNREACHABLE_CODE = YES;
				CLANG_WARN__DUPLICATE_METHOD_MATCH = YES;
				CODE_SIGN_IDENTITY = "iPhone Developer";
				COPY_PHASE_STRIP = NO;
				DEBUG_INFORMATION_FORMAT = "dwarf-with-dsym";
				ENABLE_NS_ASSERTIONS = NO;
				ENABLE_STRICT_OBJC_MSGSEND = YES;
				GCC_C_LANGUAGE_STANDARD = gnu11;
				GCC_NO_COMMON_BLOCKS = YES;
				GCC_WARN_64_TO_32_BIT_CONVERSION = YES;
				GCC_WARN_ABOUT_RETURN_TYPE = YES_ERROR;
				GCC_WARN_UNDECLARED_SELECTOR = YES;
				GCC_WARN_UNINITIALIZED_AUTOS = YES_AGGRESSIVE;
				GCC_WARN_UNUSED_FUNCTION = YES;
				GCC_WARN_UNUSED_VARIABLE = YES;
				IPHONEOS_DEPLOYMENT_TARGET = 12.0;
				MTL_ENABLE_DEBUG_INFO = NO;
				SDKROOT = iphoneos;
				SWIFT_COMPILATION_MODE = wholemodule;
				SWIFT_OPTIMIZATION_LEVEL = "-O";
				VALIDATE_PRODUCT = YES;
			};
			name = Release;
		};
		3DD6187B20E5CBF20060D1C2 /* Debug */ = {
			isa = XCBuildConfiguration;
			baseConfigurationReference = DE8637BA42B4869B826416B6 /* Pods-List.debug.xcconfig */;
			buildSettings = {
				ASSETCATALOG_COMPILER_APPICON_NAME = AppIcon;
				CODE_SIGN_STYLE = Automatic;
				DEVELOPMENT_TEAM = QA97LMPB88;
				INFOPLIST_FILE = List/SupportingFiles/Info.plist;
				IPHONEOS_DEPLOYMENT_TARGET = 10.1;
				LD_RUNPATH_SEARCH_PATHS = (
					"$(inherited)",
					"@executable_path/Frameworks",
				);
				PRODUCT_BUNDLE_IDENTIFIER = com.mehdibadjian.List;
				PRODUCT_NAME = "$(TARGET_NAME)";
				SWIFT_VERSION = 4.2;
				TARGETED_DEVICE_FAMILY = "1,2";
			};
			name = Debug;
		};
		3DD6187C20E5CBF20060D1C2 /* Release */ = {
			isa = XCBuildConfiguration;
			baseConfigurationReference = A37B884C7A133A0A88FADB8B /* Pods-List.release.xcconfig */;
			buildSettings = {
				ASSETCATALOG_COMPILER_APPICON_NAME = AppIcon;
				CODE_SIGN_STYLE = Automatic;
				DEVELOPMENT_TEAM = QA97LMPB88;
				INFOPLIST_FILE = List/SupportingFiles/Info.plist;
				IPHONEOS_DEPLOYMENT_TARGET = 10.1;
				LD_RUNPATH_SEARCH_PATHS = (
					"$(inherited)",
					"@executable_path/Frameworks",
				);
				PRODUCT_BUNDLE_IDENTIFIER = com.mehdibadjian.List;
				PRODUCT_NAME = "$(TARGET_NAME)";
				SWIFT_VERSION = 4.2;
				TARGETED_DEVICE_FAMILY = "1,2";
			};
			name = Release;
		};
/* End XCBuildConfiguration section */

/* Begin XCConfigurationList section */
		3DD6186320E5CBF00060D1C2 /* Build configuration list for PBXProject "List" */ = {
			isa = XCConfigurationList;
			buildConfigurations = (
				3DD6187820E5CBF20060D1C2 /* Debug */,
				3DD6187920E5CBF20060D1C2 /* Release */,
			);
			defaultConfigurationIsVisible = 0;
			defaultConfigurationName = Release;
		};
		3DD6187A20E5CBF20060D1C2 /* Build configuration list for PBXNativeTarget "List" */ = {
			isa = XCConfigurationList;
			buildConfigurations = (
				3DD6187B20E5CBF20060D1C2 /* Debug */,
				3DD6187C20E5CBF20060D1C2 /* Release */,
			);
			defaultConfigurationIsVisible = 0;
			defaultConfigurationName = Release;
		};
/* End XCConfigurationList section */
	};
	rootObject = 3DD6186020E5CBF00060D1C2 /* Project object */;
}
